{
  "name": "fcmPlugin",
  "version": "0.0.1",
  "lockfileVersion": 1,
  "requires": true,
  "dependencies": {
    "react-native-fcm": {
      "version": "14.1.4",
      "resolved": "https://registry.npmjs.org/react-native-fcm/-/react-native-fcm-14.1.4.tgz",
      "integrity": "sha512-HCQmAgLulfqocrJiey1YzIwRfP8z5NHJ2tO182GOPMhPCpLalmOwb3nC9Rq4+1i7/xU+a9Ny/xUo4iHIqb4B+g=="
    }
  }
}
